
Microsoft Visual Studio Solution File, Format Version 12.00
# Visual Studio Version 16
VisualStudioVersion = 16.0.29123.88
MinimumVisualStudioVersion = 10.0.40219.1
Project("{9A19103F-16F7-4668-BE54-9A1E7A4F7556}") = "ConsoleApp.SQLite", "ConsoleApp.SQLite.csproj", "{BF7CBF62-AB5D-4035-A670-BA033DA31DED}"
EndProject
Global
	GlobalSection(SolutionConfigurationPlatforms) = preSolution
		Debug|Any CPU = Debug|Any CPU
		Release|Any CPU = Release|Any CPU
	EndGlobalSection
	GlobalSection(ProjectConfigurationPlatforms) = postSolution
		{BF7CBF62-AB5D-4035-A670-BA033DA31DED}.Debug|Any CPU.ActiveCfg = Debug|Any CPU
		{BF7CBF62-AB5D-4035-A670-BA033DA31DED}.Debug|Any CPU.Build.0 = Debug|Any CPU
		{BF7CBF62-AB5D-4035-A670-BA033DA31DED}.Release|Any CPU.ActiveCfg = Release|Any CPU
		{BF7CBF62-AB5D-4035-A670-BA033DA31DED}.Release|Any CPU.Build.0 = Release|Any CPU
	EndGlobalSection
	GlobalSection(SolutionProperties) = preSolution
		HideSolutionNode = FALSE
	EndGlobalSection
	GlobalSection(ExtensibilityGlobals) = postSolution
		SolutionGuid = {80311DA0-CDF5-4DF9-8788-A3AC67ED8FBE}
	EndGlobalSection
EndGlobal
