
Microsoft Visual Studio Solution File, Format Version 12.00
# Visual Studio Version 16
VisualStudioVersion = 16.0.29123.88
MinimumVisualStudioVersion = 10.0.40219.1
Project("{FAE04EC0-301F-11D3-BF4B-00C04F79EFBC}") = "MVCMovie", "MVCMovie\MVCMovie.csproj", "{55AD4718-56D7-41E0-AEA0-EF0668A63E1F}"
EndProject
Global
	GlobalSection(SolutionConfigurationPlatforms) = preSolution
		Debug|Any CPU = Debug|Any CPU
		Release|Any CPU = Release|Any CPU
	EndGlobalSection
	GlobalSection(ProjectConfigurationPlatforms) = postSolution
		{55AD4718-56D7-41E0-AEA0-EF0668A63E1F}.Debug|Any CPU.ActiveCfg = Debug|Any CPU
		{55AD4718-56D7-41E0-AEA0-EF0668A63E1F}.Debug|Any CPU.Build.0 = Debug|Any CPU
		{55AD4718-56D7-41E0-AEA0-EF0668A63E1F}.Release|Any CPU.ActiveCfg = Release|Any CPU
		{55AD4718-56D7-41E0-AEA0-EF0668A63E1F}.Release|Any CPU.Build.0 = Release|Any CPU
	EndGlobalSection
	GlobalSection(SolutionProperties) = preSolution
		HideSolutionNode = FALSE
	EndGlobalSection
	GlobalSection(ExtensibilityGlobals) = postSolution
		SolutionGuid = {2B2778F6-E84B-4646-BC1D-AEBD46544F3B}
	EndGlobalSection
EndGlobal
